
Microsoft Visual Studio Solution File, Format Version 12.00
# Visual Studio Version 17
VisualStudioVersion = 17.0.31903.59
MinimumVisualStudioVersion = 10.0.40219.1
Project("{2150E333-8FDC-42A3-9474-1A3956D46DE8}") = "backend", "backend", "{117228D3-0737-408B-9F12-D0F83B78B9EC}"
EndProject
Project("{FAE04EC0-301F-11D3-BF4B-00C04F79EFBC}") = "ChargeEvWithCaravan.WebApi", "backend\ChargeEvWithCaravan.WebApi\ChargeEvWithCaravan.WebApi.csproj", "{92EBC07E-52AC-42EE-9A8F-2B8F3A45EADD}"
EndProject
Global
	GlobalSection(SolutionConfigurationPlatforms) = preSolution
		Debug|Any CPU = Debug|Any CPU
		Release|Any CPU = Release|Any CPU
	EndGlobalSection
	GlobalSection(SolutionProperties) = preSolution
		HideSolutionNode = FALSE
	EndGlobalSection
	GlobalSection(ProjectConfigurationPlatforms) = postSolution
		{92EBC07E-52AC-42EE-9A8F-2B8F3A45EADD}.Debug|Any CPU.ActiveCfg = Debug|Any CPU
		{92EBC07E-52AC-42EE-9A8F-2B8F3A45EADD}.Debug|Any CPU.Build.0 = Debug|Any CPU
		{92EBC07E-52AC-42EE-9A8F-2B8F3A45EADD}.Release|Any CPU.ActiveCfg = Release|Any CPU
		{92EBC07E-52AC-42EE-9A8F-2B8F3A45EADD}.Release|Any CPU.Build.0 = Release|Any CPU
	EndGlobalSection
	GlobalSection(NestedProjects) = preSolution
		{92EBC07E-52AC-42EE-9A8F-2B8F3A45EADD} = {117228D3-0737-408B-9F12-D0F83B78B9EC}
	EndGlobalSection
EndGlobal
